// !$*UTF8*$!
{
	archiveVersion = 1;
	classes = {
	};
	objectVersion = 55;
	objects = {

/* Begin PBXBuildFile section */
		17E8E737D57624A644D7E661 /* Pods_Navigation.framework in Frameworks */ = {isa = PBXBuildFile; fileRef = 8CE3DB9E8E3EE99B10A060BB /* Pods_Navigation.framework */; };
		3F2FFA4DFC0999D13E62914D /* Pods_StorageService_StorageServiceTests.framework in Frameworks */ = {isa = PBXBuildFile; fileRef = 7114DE5BA20B419D2C4418A6 /* Pods_StorageService_StorageServiceTests.framework */; };
		81C36F26812F7EC10A77213B /* Pods_StorageService.framework in Frameworks */ = {isa = PBXBuildFile; fileRef = D78117F6C5E1191394DB4E13 /* Pods_StorageService.framework */; };
		D506109528061EBF00BC51AC /* StorageService.docc in Sources */ = {isa = PBXBuildFile; fileRef = D506109428061EBF00BC51AC /* StorageService.docc */; };
		D506109B28061EBF00BC51AC /* StorageService.framework in Frameworks */ = {isa = PBXBuildFile; fileRef = D506109128061EBF00BC51AC /* StorageService.framework */; };
		D50610A228061EBF00BC51AC /* StorageServiceTests.swift in Sources */ = {isa = PBXBuildFile; fileRef = D50610A128061EBF00BC51AC /* StorageServiceTests.swift */; };
		D50610A328061EBF00BC51AC /* StorageService.h in Headers */ = {isa = PBXBuildFile; fileRef = D506109328061EBF00BC51AC /* StorageService.h */; settings = {ATTRIBUTES = (Public, ); }; };
		D50610A628061EBF00BC51AC /* StorageService.framework in Frameworks */ = {isa = PBXBuildFile; fileRef = D506109128061EBF00BC51AC /* StorageService.framework */; };
		D50610A728061EBF00BC51AC /* StorageService.framework in Embed Frameworks */ = {isa = PBXBuildFile; fileRef = D506109128061EBF00BC51AC /* StorageService.framework */; settings = {ATTRIBUTES = (CodeSignOnCopy, RemoveHeadersOnCopy, ); }; };
		D52F469E27D4E224002BD753 /* ColorSet.swift in Sources */ = {isa = PBXBuildFile; fileRef = D52F469D27D4E224002BD753 /* ColorSet.swift */; };
		D562464427C810490022DDFC /* PostTableViewCell.swift in Sources */ = {isa = PBXBuildFile; fileRef = D562464327C810490022DDFC /* PostTableViewCell.swift */; };
		D562464627C826350022DDFC /* Constants.swift in Sources */ = {isa = PBXBuildFile; fileRef = D562464527C826350022DDFC /* Constants.swift */; };
		D5660866281C7D6B00A3F9C1 /* iOSIntPackage in Frameworks */ = {isa = PBXBuildFile; productRef = D5660865281C7D6B00A3F9C1 /* iOSIntPackage */; };
		D575870B27BEB11000570D3F /* ProfileHeaderView.swift in Sources */ = {isa = PBXBuildFile; fileRef = D575870A27BEB11000570D3F /* ProfileHeaderView.swift */; };
		D58DDCBD280F4DF400BE55F1 /* User.swift in Sources */ = {isa = PBXBuildFile; fileRef = D58DDCBC280F4DF400BE55F1 /* User.swift */; };
		D5A0745F28159082003BF856 /* UserValidation.swift in Sources */ = {isa = PBXBuildFile; fileRef = D5A0745E28159082003BF856 /* UserValidation.swift */; };
		D5A356BF27D2BBBE007316DD /* PhotosCollectionViewCell.swift in Sources */ = {isa = PBXBuildFile; fileRef = D5A356BE27D2BBBE007316DD /* PhotosCollectionViewCell.swift */; };
		D5A392CF282FD2760073E034 /* PostTableViewCellViewModel.swift in Sources */ = {isa = PBXBuildFile; fileRef = D5A392CE282FD2760073E034 /* PostTableViewCellViewModel.swift */; };
		D5A392D2282FD2AB0073E034 /* TableViewModelType.swift in Sources */ = {isa = PBXBuildFile; fileRef = D5A392D1282FD2AB0073E034 /* TableViewModelType.swift */; };
		D5A392D4282FD2EE0073E034 /* PostTableViewCellViewModelType.swift in Sources */ = {isa = PBXBuildFile; fileRef = D5A392D3282FD2EE0073E034 /* PostTableViewCellViewModelType.swift */; };
		D5A392D8282FD72C0073E034 /* Post.swift in Sources */ = {isa = PBXBuildFile; fileRef = D530410D27C39882003DD19F /* Post.swift */; };
		D5A392DA282FD7430073E034 /* Post.swift in Sources */ = {isa = PBXBuildFile; fileRef = D5A392D9282FD7430073E034 /* Post.swift */; };
		D5A7F0B527C245FA00962E7D /* LogInViewController.swift in Sources */ = {isa = PBXBuildFile; fileRef = D5A7F0B427C245FA00962E7D /* LogInViewController.swift */; };
		D5AB1A4727D0D7130072E723 /* PhotosPreview.swift in Sources */ = {isa = PBXBuildFile; fileRef = D5AB1A4627D0D7130072E723 /* PhotosPreview.swift */; };
		D5AB1A4927D144370072E723 /* PhotosViewController.swift in Sources */ = {isa = PBXBuildFile; fileRef = D5AB1A4827D144370072E723 /* PhotosViewController.swift */; };
		D5AB1A4B27D2B4170072E723 /* PhotosPreviewCollectionViewCell.swift in Sources */ = {isa = PBXBuildFile; fileRef = D5AB1A4A27D2B4170072E723 /* PhotosPreviewCollectionViewCell.swift */; };
		D5AB1A4D27D2B6880072E723 /* PhotosArray.swift in Sources */ = {isa = PBXBuildFile; fileRef = D5AB1A4C27D2B6880072E723 /* PhotosArray.swift */; };
		D5BA980C28268499005921CF /* FeedModel.swift in Sources */ = {isa = PBXBuildFile; fileRef = D5BA980B28268499005921CF /* FeedModel.swift */; };
		D5C0B0FE282D89DC00ABCB88 /* MainTabBarViewController.swift in Sources */ = {isa = PBXBuildFile; fileRef = D5C0B0FD282D89DC00ABCB88 /* MainTabBarViewController.swift */; };
		D5CBFD5E27CEC7B600B4FCEC /* PhotosTableViewCell.swift in Sources */ = {isa = PBXBuildFile; fileRef = D5CBFD5D27CEC7B600B4FCEC /* PhotosTableViewCell.swift */; };
		D5CC1EE9282D952500137A94 /* Coordinator.swift in Sources */ = {isa = PBXBuildFile; fileRef = D5CC1EE8282D952500137A94 /* Coordinator.swift */; };
		D5CC1EEB282D954600137A94 /* MainCoordinator.swift in Sources */ = {isa = PBXBuildFile; fileRef = D5CC1EEA282D954600137A94 /* MainCoordinator.swift */; };
		D5CC1EED282D980E00137A94 /* FeedCoordinator.swift in Sources */ = {isa = PBXBuildFile; fileRef = D5CC1EEC282D980E00137A94 /* FeedCoordinator.swift */; };
		D5CC1EEF282D982500137A94 /* ProfileCoordinator.swift in Sources */ = {isa = PBXBuildFile; fileRef = D5CC1EEE282D982500137A94 /* ProfileCoordinator.swift */; };
		D5CC1EF4282DA8D500137A94 /* ProfileViewModel.swift in Sources */ = {isa = PBXBuildFile; fileRef = D5CC1EF3282DA8D500137A94 /* ProfileViewModel.swift */; };
		D5E9222A2816A81F00748286 /* Factory.swift in Sources */ = {isa = PBXBuildFile; fileRef = D5E922292816A81F00748286 /* Factory.swift */; };
		D5ED096027B5A423007F70C6 /* AppDelegate.swift in Sources */ = {isa = PBXBuildFile; fileRef = D5ED095F27B5A423007F70C6 /* AppDelegate.swift */; };
		D5ED096927B5A428007F70C6 /* Assets.xcassets in Resources */ = {isa = PBXBuildFile; fileRef = D5ED096827B5A428007F70C6 /* Assets.xcassets */; };
		D5ED096C27B5A428007F70C6 /* LaunchScreen.storyboard in Resources */ = {isa = PBXBuildFile; fileRef = D5ED096A27B5A428007F70C6 /* LaunchScreen.storyboard */; };
		D5ED097427B5A5C3007F70C6 /* FeedViewController.swift in Sources */ = {isa = PBXBuildFile; fileRef = D5ED097327B5A5C3007F70C6 /* FeedViewController.swift */; };
		D5ED097627B5A5D0007F70C6 /* ProfileViewController.swift in Sources */ = {isa = PBXBuildFile; fileRef = D5ED097527B5A5D0007F70C6 /* ProfileViewController.swift */; };
		D5ED097827B66965007F70C6 /* PostViewController.swift in Sources */ = {isa = PBXBuildFile; fileRef = D5ED097727B66965007F70C6 /* PostViewController.swift */; };
		D5ED097A27B68627007F70C6 /* InfoViewController.swift in Sources */ = {isa = PBXBuildFile; fileRef = D5ED097927B68627007F70C6 /* InfoViewController.swift */; };
		D5FB3430282467D40007BF59 /* CustomButton.swift in Sources */ = {isa = PBXBuildFile; fileRef = D5FB342F282467D40007BF59 /* CustomButton.swift */; };
/* End PBXBuildFile section */

/* Begin PBXContainerItemProxy section */
		D506109C28061EBF00BC51AC /* PBXContainerItemProxy */ = {
			isa = PBXContainerItemProxy;
			containerPortal = D5ED095427B5A423007F70C6 /* Project object */;
			proxyType = 1;
			remoteGlobalIDString = D506109028061EBF00BC51AC;
			remoteInfo = StorageService;
		};
		D506109E28061EBF00BC51AC /* PBXContainerItemProxy */ = {
			isa = PBXContainerItemProxy;
			containerPortal = D5ED095427B5A423007F70C6 /* Project object */;
			proxyType = 1;
			remoteGlobalIDString = D5ED095B27B5A423007F70C6;
			remoteInfo = Navigation;
		};
		D50610A428061EBF00BC51AC /* PBXContainerItemProxy */ = {
			isa = PBXContainerItemProxy;
			containerPortal = D5ED095427B5A423007F70C6 /* Project object */;
			proxyType = 1;
			remoteGlobalIDString = D506109028061EBF00BC51AC;
			remoteInfo = StorageService;
		};
/* End PBXContainerItemProxy section */

/* Begin PBXCopyFilesBuildPhase section */
		D50610A828061EBF00BC51AC /* Embed Frameworks */ = {
			isa = PBXCopyFilesBuildPhase;
			buildActionMask = 2147483647;
			dstPath = "";
			dstSubfolderSpec = 10;
			files = (
				D50610A728061EBF00BC51AC /* StorageService.framework in Embed Frameworks */,
			);
			name = "Embed Frameworks";
			runOnlyForDeploymentPostprocessing = 0;
		};
/* End PBXCopyFilesBuildPhase section */

/* Begin PBXFileReference section */
		17F6D61B2DAE3BBE23DCA90F /* Pods-StorageService.debug.xcconfig */ = {isa = PBXFileReference; includeInIndex = 1; lastKnownFileType = text.xcconfig; name = "Pods-StorageService.debug.xcconfig"; path = "Target Support Files/Pods-StorageService/Pods-StorageService.debug.xcconfig"; sourceTree = "<group>"; };
		1B256AB29CA6D5625AC24546 /* Pods-StorageService.release.xcconfig */ = {isa = PBXFileReference; includeInIndex = 1; lastKnownFileType = text.xcconfig; name = "Pods-StorageService.release.xcconfig"; path = "Target Support Files/Pods-StorageService/Pods-StorageService.release.xcconfig"; sourceTree = "<group>"; };
		438C3C76509E4FADF1B6E05A /* Pods-StorageService-StorageServiceTests.debug.xcconfig */ = {isa = PBXFileReference; includeInIndex = 1; lastKnownFileType = text.xcconfig; name = "Pods-StorageService-StorageServiceTests.debug.xcconfig"; path = "Target Support Files/Pods-StorageService-StorageServiceTests/Pods-StorageService-StorageServiceTests.debug.xcconfig"; sourceTree = "<group>"; };
		7114DE5BA20B419D2C4418A6 /* Pods_StorageService_StorageServiceTests.framework */ = {isa = PBXFileReference; explicitFileType = wrapper.framework; includeInIndex = 0; path = Pods_StorageService_StorageServiceTests.framework; sourceTree = BUILT_PRODUCTS_DIR; };
		73027EBE80F37114B7CA1E23 /* Pods-Navigation.debug.xcconfig */ = {isa = PBXFileReference; includeInIndex = 1; lastKnownFileType = text.xcconfig; name = "Pods-Navigation.debug.xcconfig"; path = "Target Support Files/Pods-Navigation/Pods-Navigation.debug.xcconfig"; sourceTree = "<group>"; };
		8CE3DB9E8E3EE99B10A060BB /* Pods_Navigation.framework */ = {isa = PBXFileReference; explicitFileType = wrapper.framework; includeInIndex = 0; path = Pods_Navigation.framework; sourceTree = BUILT_PRODUCTS_DIR; };
		D506109128061EBF00BC51AC /* StorageService.framework */ = {isa = PBXFileReference; explicitFileType = wrapper.framework; includeInIndex = 0; path = StorageService.framework; sourceTree = BUILT_PRODUCTS_DIR; };
		D506109328061EBF00BC51AC /* StorageService.h */ = {isa = PBXFileReference; lastKnownFileType = sourcecode.c.h; path = StorageService.h; sourceTree = "<group>"; };
		D506109428061EBF00BC51AC /* StorageService.docc */ = {isa = PBXFileReference; lastKnownFileType = folder.documentationcatalog; path = StorageService.docc; sourceTree = "<group>"; };
		D506109A28061EBF00BC51AC /* StorageServiceTests.xctest */ = {isa = PBXFileReference; explicitFileType = wrapper.cfbundle; includeInIndex = 0; path = StorageServiceTests.xctest; sourceTree = BUILT_PRODUCTS_DIR; };
		D50610A128061EBF00BC51AC /* StorageServiceTests.swift */ = {isa = PBXFileReference; lastKnownFileType = sourcecode.swift; path = StorageServiceTests.swift; sourceTree = "<group>"; };
		D52F469D27D4E224002BD753 /* ColorSet.swift */ = {isa = PBXFileReference; lastKnownFileType = sourcecode.swift; path = ColorSet.swift; sourceTree = "<group>"; };
		D530410D27C39882003DD19F /* Post.swift */ = {isa = PBXFileReference; lastKnownFileType = sourcecode.swift; path = Post.swift; sourceTree = "<group>"; };
		D562464327C810490022DDFC /* PostTableViewCell.swift */ = {isa = PBXFileReference; lastKnownFileType = sourcecode.swift; path = PostTableViewCell.swift; sourceTree = "<group>"; };
		D562464527C826350022DDFC /* Constants.swift */ = {isa = PBXFileReference; lastKnownFileType = sourcecode.swift; path = Constants.swift; sourceTree = "<group>"; };
		D575870A27BEB11000570D3F /* ProfileHeaderView.swift */ = {isa = PBXFileReference; lastKnownFileType = sourcecode.swift; path = ProfileHeaderView.swift; sourceTree = "<group>"; };
		D58DDCBC280F4DF400BE55F1 /* User.swift */ = {isa = PBXFileReference; lastKnownFileType = sourcecode.swift; name = User.swift; path = "/Users/andreysavie/Library/Mobile Documents/com~apple~CloudDocs/NETOLOGY/4. Design and UI/Navigation/Navigation/User.swift"; sourceTree = "<absolute>"; };
		D5A0745E28159082003BF856 /* UserValidation.swift */ = {isa = PBXFileReference; lastKnownFileType = sourcecode.swift; path = UserValidation.swift; sourceTree = "<group>"; };
		D5A356BE27D2BBBE007316DD /* PhotosCollectionViewCell.swift */ = {isa = PBXFileReference; lastKnownFileType = sourcecode.swift; path = PhotosCollectionViewCell.swift; sourceTree = "<group>"; };
		D5A392CE282FD2760073E034 /* PostTableViewCellViewModel.swift */ = {isa = PBXFileReference; lastKnownFileType = sourcecode.swift; path = PostTableViewCellViewModel.swift; sourceTree = "<group>"; };
		D5A392D1282FD2AB0073E034 /* TableViewModelType.swift */ = {isa = PBXFileReference; lastKnownFileType = sourcecode.swift; path = TableViewModelType.swift; sourceTree = "<group>"; };
		D5A392D3282FD2EE0073E034 /* PostTableViewCellViewModelType.swift */ = {isa = PBXFileReference; lastKnownFileType = sourcecode.swift; path = PostTableViewCellViewModelType.swift; sourceTree = "<group>"; };
		D5A392D9282FD7430073E034 /* Post.swift */ = {isa = PBXFileReference; lastKnownFileType = sourcecode.swift; path = Post.swift; sourceTree = "<group>"; };
		D5A7F0B427C245FA00962E7D /* LogInViewController.swift */ = {isa = PBXFileReference; lastKnownFileType = sourcecode.swift; path = LogInViewController.swift; sourceTree = "<group>"; };
		D5AB1A4627D0D7130072E723 /* PhotosPreview.swift */ = {isa = PBXFileReference; lastKnownFileType = sourcecode.swift; path = PhotosPreview.swift; sourceTree = "<group>"; };
		D5AB1A4827D144370072E723 /* PhotosViewController.swift */ = {isa = PBXFileReference; lastKnownFileType = sourcecode.swift; path = PhotosViewController.swift; sourceTree = "<group>"; };
		D5AB1A4A27D2B4170072E723 /* PhotosPreviewCollectionViewCell.swift */ = {isa = PBXFileReference; lastKnownFileType = sourcecode.swift; path = PhotosPreviewCollectionViewCell.swift; sourceTree = "<group>"; };
		D5AB1A4C27D2B6880072E723 /* PhotosArray.swift */ = {isa = PBXFileReference; lastKnownFileType = sourcecode.swift; path = PhotosArray.swift; sourceTree = "<group>"; };
		D5BA980B28268499005921CF /* FeedModel.swift */ = {isa = PBXFileReference; lastKnownFileType = sourcecode.swift; path = FeedModel.swift; sourceTree = "<group>"; };
		D5C0B0FD282D89DC00ABCB88 /* MainTabBarViewController.swift */ = {isa = PBXFileReference; fileEncoding = 4; lastKnownFileType = sourcecode.swift; path = MainTabBarViewController.swift; sourceTree = "<group>"; };
		D5CBFD5D27CEC7B600B4FCEC /* PhotosTableViewCell.swift */ = {isa = PBXFileReference; lastKnownFileType = sourcecode.swift; path = PhotosTableViewCell.swift; sourceTree = "<group>"; };
		D5CC1EE8282D952500137A94 /* Coordinator.swift */ = {isa = PBXFileReference; lastKnownFileType = sourcecode.swift; path = Coordinator.swift; sourceTree = "<group>"; };
		D5CC1EEA282D954600137A94 /* MainCoordinator.swift */ = {isa = PBXFileReference; lastKnownFileType = sourcecode.swift; path = MainCoordinator.swift; sourceTree = "<group>"; };
		D5CC1EEC282D980E00137A94 /* FeedCoordinator.swift */ = {isa = PBXFileReference; lastKnownFileType = sourcecode.swift; path = FeedCoordinator.swift; sourceTree = "<group>"; };
		D5CC1EEE282D982500137A94 /* ProfileCoordinator.swift */ = {isa = PBXFileReference; lastKnownFileType = sourcecode.swift; path = ProfileCoordinator.swift; sourceTree = "<group>"; };
		D5CC1EF3282DA8D500137A94 /* ProfileViewModel.swift */ = {isa = PBXFileReference; lastKnownFileType = sourcecode.swift; path = ProfileViewModel.swift; sourceTree = "<group>"; };
		D5E922292816A81F00748286 /* Factory.swift */ = {isa = PBXFileReference; lastKnownFileType = sourcecode.swift; path = Factory.swift; sourceTree = "<group>"; };
		D5ED095C27B5A423007F70C6 /* Navigation.app */ = {isa = PBXFileReference; explicitFileType = wrapper.application; includeInIndex = 0; path = Navigation.app; sourceTree = BUILT_PRODUCTS_DIR; };
		D5ED095F27B5A423007F70C6 /* AppDelegate.swift */ = {isa = PBXFileReference; lastKnownFileType = sourcecode.swift; path = AppDelegate.swift; sourceTree = "<group>"; };
		D5ED096827B5A428007F70C6 /* Assets.xcassets */ = {isa = PBXFileReference; lastKnownFileType = folder.assetcatalog; path = Assets.xcassets; sourceTree = "<group>"; };
		D5ED096B27B5A428007F70C6 /* Base */ = {isa = PBXFileReference; lastKnownFileType = file.storyboard; name = Base; path = Base.lproj/LaunchScreen.storyboard; sourceTree = "<group>"; };
		D5ED096D27B5A428007F70C6 /* Info.plist */ = {isa = PBXFileReference; lastKnownFileType = text.plist.xml; path = Info.plist; sourceTree = "<group>"; };
		D5ED097327B5A5C3007F70C6 /* FeedViewController.swift */ = {isa = PBXFileReference; lastKnownFileType = sourcecode.swift; path = FeedViewController.swift; sourceTree = "<group>"; };
		D5ED097527B5A5D0007F70C6 /* ProfileViewController.swift */ = {isa = PBXFileReference; lastKnownFileType = sourcecode.swift; path = ProfileViewController.swift; sourceTree = "<group>"; };
		D5ED097727B66965007F70C6 /* PostViewController.swift */ = {isa = PBXFileReference; lastKnownFileType = sourcecode.swift; path = PostViewController.swift; sourceTree = "<group>"; };
		D5ED097927B68627007F70C6 /* InfoViewController.swift */ = {isa = PBXFileReference; lastKnownFileType = sourcecode.swift; path = InfoViewController.swift; sourceTree = "<group>"; };
		D5FB342F282467D40007BF59 /* CustomButton.swift */ = {isa = PBXFileReference; lastKnownFileType = sourcecode.swift; path = CustomButton.swift; sourceTree = "<group>"; };
		D78117F6C5E1191394DB4E13 /* Pods_StorageService.framework */ = {isa = PBXFileReference; explicitFileType = wrapper.framework; includeInIndex = 0; path = Pods_StorageService.framework; sourceTree = BUILT_PRODUCTS_DIR; };
		EDDE852F8EAA8731949E7FEF /* Pods-Navigation.release.xcconfig */ = {isa = PBXFileReference; includeInIndex = 1; lastKnownFileType = text.xcconfig; name = "Pods-Navigation.release.xcconfig"; path = "Target Support Files/Pods-Navigation/Pods-Navigation.release.xcconfig"; sourceTree = "<group>"; };
		F67E007A27EBE9E04B692E67 /* Pods-StorageService-StorageServiceTests.release.xcconfig */ = {isa = PBXFileReference; includeInIndex = 1; lastKnownFileType = text.xcconfig; name = "Pods-StorageService-StorageServiceTests.release.xcconfig"; path = "Target Support Files/Pods-StorageService-StorageServiceTests/Pods-StorageService-StorageServiceTests.release.xcconfig"; sourceTree = "<group>"; };
/* End PBXFileReference section */

/* Begin PBXFrameworksBuildPhase section */
		D506108E28061EBF00BC51AC /* Frameworks */ = {
			isa = PBXFrameworksBuildPhase;
			buildActionMask = 2147483647;
			files = (
				81C36F26812F7EC10A77213B /* Pods_StorageService.framework in Frameworks */,
			);
			runOnlyForDeploymentPostprocessing = 0;
		};
		D506109728061EBF00BC51AC /* Frameworks */ = {
			isa = PBXFrameworksBuildPhase;
			buildActionMask = 2147483647;
			files = (
				D506109B28061EBF00BC51AC /* StorageService.framework in Frameworks */,
				3F2FFA4DFC0999D13E62914D /* Pods_StorageService_StorageServiceTests.framework in Frameworks */,
			);
			runOnlyForDeploymentPostprocessing = 0;
		};
		D5ED095927B5A423007F70C6 /* Frameworks */ = {
			isa = PBXFrameworksBuildPhase;
			buildActionMask = 2147483647;
			files = (
				D5660866281C7D6B00A3F9C1 /* iOSIntPackage in Frameworks */,
				D50610A628061EBF00BC51AC /* StorageService.framework in Frameworks */,
				17E8E737D57624A644D7E661 /* Pods_Navigation.framework in Frameworks */,
			);
			runOnlyForDeploymentPostprocessing = 0;
		};
/* End PBXFrameworksBuildPhase section */

/* Begin PBXGroup section */
		34346EC9519D425FC4C32601 /* Pods */ = {
			isa = PBXGroup;
			children = (
				73027EBE80F37114B7CA1E23 /* Pods-Navigation.debug.xcconfig */,
				EDDE852F8EAA8731949E7FEF /* Pods-Navigation.release.xcconfig */,
				17F6D61B2DAE3BBE23DCA90F /* Pods-StorageService.debug.xcconfig */,
				1B256AB29CA6D5625AC24546 /* Pods-StorageService.release.xcconfig */,
				438C3C76509E4FADF1B6E05A /* Pods-StorageService-StorageServiceTests.debug.xcconfig */,
				F67E007A27EBE9E04B692E67 /* Pods-StorageService-StorageServiceTests.release.xcconfig */,
			);
			path = Pods;
			sourceTree = "<group>";
		};
		D506109228061EBF00BC51AC /* StorageService */ = {
			isa = PBXGroup;
			children = (
				D530410D27C39882003DD19F /* Post.swift */,
				D506109328061EBF00BC51AC /* StorageService.h */,
				D506109428061EBF00BC51AC /* StorageService.docc */,
			);
			path = StorageService;
			sourceTree = "<group>";
		};
		D50610A028061EBF00BC51AC /* StorageServiceTests */ = {
			isa = PBXGroup;
			children = (
				D50610A128061EBF00BC51AC /* StorageServiceTests.swift */,
			);
			path = StorageServiceTests;
			sourceTree = "<group>";
		};
		D575870927BEB0A900570D3F /* Profile */ = {
			isa = PBXGroup;
			children = (
				D5CC1EEE282D982500137A94 /* ProfileCoordinator.swift */,
				D5A392D0282FD29D0073E034 /* Protocol */,
				D5A392D7282FD6840073E034 /* ViewModel */,
				D5A392D6282FD67D0073E034 /* View */,
				D5A392D5282FD66E0073E034 /* Model */,
			);
			path = Profile;
			sourceTree = "<group>";
		};
		D57B4D2E27D7B59F00F1403C /* Views */ = {
			isa = PBXGroup;
			children = (
				D575870A27BEB11000570D3F /* ProfileHeaderView.swift */,
				D5AB1A4627D0D7130072E723 /* PhotosPreview.swift */,
			);
			path = Views;
			sourceTree = "<group>";
		};
		D5A392D0282FD29D0073E034 /* Protocol */ = {
			isa = PBXGroup;
			children = (
				D5A392D1282FD2AB0073E034 /* TableViewModelType.swift */,
				D5A392D3282FD2EE0073E034 /* PostTableViewCellViewModelType.swift */,
			);
			path = Protocol;
			sourceTree = "<group>";
		};
		D5A392D5282FD66E0073E034 /* Model */ = {
			isa = PBXGroup;
			children = (
				D5A392D9282FD7430073E034 /* Post.swift */,
			);
			path = Model;
			sourceTree = "<group>";
		};
		D5A392D6282FD67D0073E034 /* View */ = {
			isa = PBXGroup;
			children = (
				D5ED097527B5A5D0007F70C6 /* ProfileViewController.swift */,
				D562464327C810490022DDFC /* PostTableViewCell.swift */,
			);
			path = View;
			sourceTree = "<group>";
		};
		D5A392D7282FD6840073E034 /* ViewModel */ = {
			isa = PBXGroup;
			children = (
				D5A392CE282FD2760073E034 /* PostTableViewCellViewModel.swift */,
				D5CC1EF3282DA8D500137A94 /* ProfileViewModel.swift */,
			);
			path = ViewModel;
			sourceTree = "<group>";
		};
		D5AB1A4F27D2B7530072E723 /* Cells */ = {
			isa = PBXGroup;
			children = (
				D5AB1A4A27D2B4170072E723 /* PhotosPreviewCollectionViewCell.swift */,
				D5A356BE27D2BBBE007316DD /* PhotosCollectionViewCell.swift */,
				D5CBFD5D27CEC7B600B4FCEC /* PhotosTableViewCell.swift */,
			);
			path = Cells;
			sourceTree = "<group>";
		};
		D5C0B0FC282D89AC00ABCB88 /* TabBarController */ = {
			isa = PBXGroup;
			children = (
				D5C0B0FD282D89DC00ABCB88 /* MainTabBarViewController.swift */,
			);
			path = TabBarController;
			sourceTree = "<group>";
		};
		D5CC1EE6282D950B00137A94 /* Coordinator */ = {
			isa = PBXGroup;
			children = (
				D5CC1EE7282D951500137A94 /* Protocol */,
				D5CC1EEA282D954600137A94 /* MainCoordinator.swift */,
			);
			path = Coordinator;
			sourceTree = "<group>";
		};
		D5CC1EE7282D951500137A94 /* Protocol */ = {
			isa = PBXGroup;
			children = (
				D5CC1EE8282D952500137A94 /* Coordinator.swift */,
			);
			path = Protocol;
			sourceTree = "<group>";
		};
		D5CC1EF0282DA42000137A94 /* Feed */ = {
			isa = PBXGroup;
			children = (
				D5CC1EEC282D980E00137A94 /* FeedCoordinator.swift */,
				D5ED097327B5A5C3007F70C6 /* FeedViewController.swift */,
				D5BA980B28268499005921CF /* FeedModel.swift */,
			);
			path = Feed;
			sourceTree = "<group>";
		};
		D5DBC7CF27B9A71A00F4BD09 /* ViewControllers */ = {
			isa = PBXGroup;
			children = (
				D5A7F0B427C245FA00962E7D /* LogInViewController.swift */,
				D5AB1A4827D144370072E723 /* PhotosViewController.swift */,
				D5ED097927B68627007F70C6 /* InfoViewController.swift */,
				D5ED097727B66965007F70C6 /* PostViewController.swift */,
			);
			path = ViewControllers;
			sourceTree = "<group>";
		};
		D5E9222B2816A84200748286 /* AppState */ = {
			isa = PBXGroup;
			children = (
				D5A0745E28159082003BF856 /* UserValidation.swift */,
				D5E922292816A81F00748286 /* Factory.swift */,
				D58DDCBC280F4DF400BE55F1 /* User.swift */,
				D562464527C826350022DDFC /* Constants.swift */,
				D52F469D27D4E224002BD753 /* ColorSet.swift */,
				D5AB1A4C27D2B6880072E723 /* PhotosArray.swift */,
				D5FB342F282467D40007BF59 /* CustomButton.swift */,
			);
			path = AppState;
			sourceTree = "<group>";
		};
		D5ED095327B5A423007F70C6 = {
			isa = PBXGroup;
			children = (
				D5ED095E27B5A423007F70C6 /* Navigation */,
				D506109228061EBF00BC51AC /* StorageService */,
				D50610A028061EBF00BC51AC /* StorageServiceTests */,
				D5ED095D27B5A423007F70C6 /* Products */,
				34346EC9519D425FC4C32601 /* Pods */,
				F4B19864D35A003547E014D3 /* Frameworks */,
			);
			sourceTree = "<group>";
		};
		D5ED095D27B5A423007F70C6 /* Products */ = {
			isa = PBXGroup;
			children = (
				D5ED095C27B5A423007F70C6 /* Navigation.app */,
				D506109128061EBF00BC51AC /* StorageService.framework */,
				D506109A28061EBF00BC51AC /* StorageServiceTests.xctest */,
			);
			name = Products;
			sourceTree = "<group>";
		};
		D5ED095E27B5A423007F70C6 /* Navigation */ = {
			isa = PBXGroup;
			children = (
				D5ED095F27B5A423007F70C6 /* AppDelegate.swift */,
				D5E9222B2816A84200748286 /* AppState */,
				D5CC1EE6282D950B00137A94 /* Coordinator */,
				D5C0B0FC282D89AC00ABCB88 /* TabBarController */,
				D575870927BEB0A900570D3F /* Profile */,
				D5CC1EF0282DA42000137A94 /* Feed */,
				D5DBC7CF27B9A71A00F4BD09 /* ViewControllers */,
				D5AB1A4F27D2B7530072E723 /* Cells */,
				D57B4D2E27D7B59F00F1403C /* Views */,
				D5ED096827B5A428007F70C6 /* Assets.xcassets */,
				D5ED096A27B5A428007F70C6 /* LaunchScreen.storyboard */,
				D5ED096D27B5A428007F70C6 /* Info.plist */,
			);
			path = Navigation;
			sourceTree = "<group>";
		};
		F4B19864D35A003547E014D3 /* Frameworks */ = {
			isa = PBXGroup;
			children = (
				8CE3DB9E8E3EE99B10A060BB /* Pods_Navigation.framework */,
				D78117F6C5E1191394DB4E13 /* Pods_StorageService.framework */,
				7114DE5BA20B419D2C4418A6 /* Pods_StorageService_StorageServiceTests.framework */,
			);
			name = Frameworks;
			sourceTree = "<group>";
		};
/* End PBXGroup section */

/* Begin PBXHeadersBuildPhase section */
		D506108C28061EBF00BC51AC /* Headers */ = {
			isa = PBXHeadersBuildPhase;
			buildActionMask = 2147483647;
			files = (
				D50610A328061EBF00BC51AC /* StorageService.h in Headers */,
			);
			runOnlyForDeploymentPostprocessing = 0;
		};
/* End PBXHeadersBuildPhase section */

/* Begin PBXNativeTarget section */
		D506109028061EBF00BC51AC /* StorageService */ = {
			isa = PBXNativeTarget;
			buildConfigurationList = D50610AD28061EBF00BC51AC /* Build configuration list for PBXNativeTarget "StorageService" */;
			buildPhases = (
				7FA1D3837C24F62F16EAB52E /* [CP] Check Pods Manifest.lock */,
				D506108C28061EBF00BC51AC /* Headers */,
				D506108D28061EBF00BC51AC /* Sources */,
				D506108E28061EBF00BC51AC /* Frameworks */,
				D506108F28061EBF00BC51AC /* Resources */,
			);
			buildRules = (
			);
			dependencies = (
			);
			name = StorageService;
			productName = StorageService;
			productReference = D506109128061EBF00BC51AC /* StorageService.framework */;
			productType = "com.apple.product-type.framework";
		};
		D506109928061EBF00BC51AC /* StorageServiceTests */ = {
			isa = PBXNativeTarget;
			buildConfigurationList = D50610AE28061EBF00BC51AC /* Build configuration list for PBXNativeTarget "StorageServiceTests" */;
			buildPhases = (
				4E66049537FC94EA4C416C86 /* [CP] Check Pods Manifest.lock */,
				D506109628061EBF00BC51AC /* Sources */,
				D506109728061EBF00BC51AC /* Frameworks */,
				D506109828061EBF00BC51AC /* Resources */,
			);
			buildRules = (
			);
			dependencies = (
				D506109D28061EBF00BC51AC /* PBXTargetDependency */,
				D506109F28061EBF00BC51AC /* PBXTargetDependency */,
			);
			name = StorageServiceTests;
			productName = StorageServiceTests;
			productReference = D506109A28061EBF00BC51AC /* StorageServiceTests.xctest */;
			productType = "com.apple.product-type.bundle.unit-test";
		};
		D5ED095B27B5A423007F70C6 /* Navigation */ = {
			isa = PBXNativeTarget;
			buildConfigurationList = D5ED097027B5A428007F70C6 /* Build configuration list for PBXNativeTarget "Navigation" */;
			buildPhases = (
				1236EB612DFC3E4DD9851848 /* [CP] Check Pods Manifest.lock */,
				D5ED095827B5A423007F70C6 /* Sources */,
				D5ED095927B5A423007F70C6 /* Frameworks */,
				D5ED095A27B5A423007F70C6 /* Resources */,
				D50610A828061EBF00BC51AC /* Embed Frameworks */,
				F3821EC2D9490140496D1741 /* [CP] Embed Pods Frameworks */,
			);
			buildRules = (
			);
			dependencies = (
				D50610A528061EBF00BC51AC /* PBXTargetDependency */,
			);
			name = Navigation;
			packageProductDependencies = (
				D5660865281C7D6B00A3F9C1 /* iOSIntPackage */,
			);
			productName = Navigation;
			productReference = D5ED095C27B5A423007F70C6 /* Navigation.app */;
			productType = "com.apple.product-type.application";
		};
/* End PBXNativeTarget section */

/* Begin PBXProject section */
		D5ED095427B5A423007F70C6 /* Project object */ = {
			isa = PBXProject;
			attributes = {
				BuildIndependentTargetsInParallel = 1;
				LastSwiftUpdateCheck = 1320;
				LastUpgradeCheck = 1320;
				TargetAttributes = {
					D506109028061EBF00BC51AC = {
						CreatedOnToolsVersion = 13.2.1;
					};
					D506109928061EBF00BC51AC = {
						CreatedOnToolsVersion = 13.2.1;
						TestTargetID = D5ED095B27B5A423007F70C6;
					};
					D5ED095B27B5A423007F70C6 = {
						CreatedOnToolsVersion = 13.2.1;
					};
				};
			};
			buildConfigurationList = D5ED095727B5A423007F70C6 /* Build configuration list for PBXProject "Navigation" */;
			compatibilityVersion = "Xcode 13.0";
			developmentRegion = en;
			hasScannedForEncodings = 0;
			knownRegions = (
				en,
				Base,
			);
			mainGroup = D5ED095327B5A423007F70C6;
			packageReferences = (
				D5660864281C7D6B00A3F9C1 /* XCRemoteSwiftPackageReference "iOSIntPackage" */,
			);
			productRefGroup = D5ED095D27B5A423007F70C6 /* Products */;
			projectDirPath = "";
			projectRoot = "";
			targets = (
				D5ED095B27B5A423007F70C6 /* Navigation */,
				D506109028061EBF00BC51AC /* StorageService */,
				D506109928061EBF00BC51AC /* StorageServiceTests */,
			);
		};
/* End PBXProject section */

/* Begin PBXResourcesBuildPhase section */
		D506108F28061EBF00BC51AC /* Resources */ = {
			isa = PBXResourcesBuildPhase;
			buildActionMask = 2147483647;
			files = (
			);
			runOnlyForDeploymentPostprocessing = 0;
		};
		D506109828061EBF00BC51AC /* Resources */ = {
			isa = PBXResourcesBuildPhase;
			buildActionMask = 2147483647;
			files = (
			);
			runOnlyForDeploymentPostprocessing = 0;
		};
		D5ED095A27B5A423007F70C6 /* Resources */ = {
			isa = PBXResourcesBuildPhase;
			buildActionMask = 2147483647;
			files = (
				D5ED096C27B5A428007F70C6 /* LaunchScreen.storyboard in Resources */,
				D5ED096927B5A428007F70C6 /* Assets.xcassets in Resources */,
			);
			runOnlyForDeploymentPostprocessing = 0;
		};
/* End PBXResourcesBuildPhase section */

/* Begin PBXShellScriptBuildPhase section */
		1236EB612DFC3E4DD9851848 /* [CP] Check Pods Manifest.lock */ = {
			isa = PBXShellScriptBuildPhase;
			buildActionMask = 2147483647;
			files = (
			);
			inputFileListPaths = (
			);
			inputPaths = (
				"${PODS_PODFILE_DIR_PATH}/Podfile.lock",
				"${PODS_ROOT}/Manifest.lock",
			);
			name = "[CP] Check Pods Manifest.lock";
			outputFileListPaths = (
			);
			outputPaths = (
				"$(DERIVED_FILE_DIR)/Pods-Navigation-checkManifestLockResult.txt",
			);
			runOnlyForDeploymentPostprocessing = 0;
			shellPath = /bin/sh;
			shellScript = "diff \"${PODS_PODFILE_DIR_PATH}/Podfile.lock\" \"${PODS_ROOT}/Manifest.lock\" > /dev/null\nif [ $? != 0 ] ; then\n    # print error to STDERR\n    echo \"error: The sandbox is not in sync with the Podfile.lock. Run 'pod install' or update your CocoaPods installation.\" >&2\n    exit 1\nfi\n# This output is used by Xcode 'outputs' to avoid re-running this script phase.\necho \"SUCCESS\" > \"${SCRIPT_OUTPUT_FILE_0}\"\n";
			showEnvVarsInLog = 0;
		};
		4E66049537FC94EA4C416C86 /* [CP] Check Pods Manifest.lock */ = {
			isa = PBXShellScriptBuildPhase;
			buildActionMask = 2147483647;
			files = (
			);
			inputFileListPaths = (
			);
			inputPaths = (
				"${PODS_PODFILE_DIR_PATH}/Podfile.lock",
				"${PODS_ROOT}/Manifest.lock",
			);
			name = "[CP] Check Pods Manifest.lock";
			outputFileListPaths = (
			);
			outputPaths = (
				"$(DERIVED_FILE_DIR)/Pods-StorageService-StorageServiceTests-checkManifestLockResult.txt",
			);
			runOnlyForDeploymentPostprocessing = 0;
			shellPath = /bin/sh;
			shellScript = "diff \"${PODS_PODFILE_DIR_PATH}/Podfile.lock\" \"${PODS_ROOT}/Manifest.lock\" > /dev/null\nif [ $? != 0 ] ; then\n    # print error to STDERR\n    echo \"error: The sandbox is not in sync with the Podfile.lock. Run 'pod install' or update your CocoaPods installation.\" >&2\n    exit 1\nfi\n# This output is used by Xcode 'outputs' to avoid re-running this script phase.\necho \"SUCCESS\" > \"${SCRIPT_OUTPUT_FILE_0}\"\n";
			showEnvVarsInLog = 0;
		};
		7FA1D3837C24F62F16EAB52E /* [CP] Check Pods Manifest.lock */ = {
			isa = PBXShellScriptBuildPhase;
			buildActionMask = 2147483647;
			files = (
			);
			inputFileListPaths = (
			);
			inputPaths = (
				"${PODS_PODFILE_DIR_PATH}/Podfile.lock",
				"${PODS_ROOT}/Manifest.lock",
			);
			name = "[CP] Check Pods Manifest.lock";
			outputFileListPaths = (
			);
			outputPaths = (
				"$(DERIVED_FILE_DIR)/Pods-StorageService-checkManifestLockResult.txt",
			);
			runOnlyForDeploymentPostprocessing = 0;
			shellPath = /bin/sh;
			shellScript = "diff \"${PODS_PODFILE_DIR_PATH}/Podfile.lock\" \"${PODS_ROOT}/Manifest.lock\" > /dev/null\nif [ $? != 0 ] ; then\n    # print error to STDERR\n    echo \"error: The sandbox is not in sync with the Podfile.lock. Run 'pod install' or update your CocoaPods installation.\" >&2\n    exit 1\nfi\n# This output is used by Xcode 'outputs' to avoid re-running this script phase.\necho \"SUCCESS\" > \"${SCRIPT_OUTPUT_FILE_0}\"\n";
			showEnvVarsInLog = 0;
		};
		F3821EC2D9490140496D1741 /* [CP] Embed Pods Frameworks */ = {
			isa = PBXShellScriptBuildPhase;
			buildActionMask = 2147483647;
			files = (
			);
			inputFileListPaths = (
				"${PODS_ROOT}/Target Support Files/Pods-Navigation/Pods-Navigation-frameworks-${CONFIGURATION}-input-files.xcfilelist",
			);
			name = "[CP] Embed Pods Frameworks";
			outputFileListPaths = (
				"${PODS_ROOT}/Target Support Files/Pods-Navigation/Pods-Navigation-frameworks-${CONFIGURATION}-output-files.xcfilelist",
			);
			runOnlyForDeploymentPostprocessing = 0;
			shellPath = /bin/sh;
			shellScript = "\"${PODS_ROOT}/Target Support Files/Pods-Navigation/Pods-Navigation-frameworks.sh\"\n";
			showEnvVarsInLog = 0;
		};
/* End PBXShellScriptBuildPhase section */

/* Begin PBXSourcesBuildPhase section */
		D506108D28061EBF00BC51AC /* Sources */ = {
			isa = PBXSourcesBuildPhase;
			buildActionMask = 2147483647;
			files = (
				D506109528061EBF00BC51AC /* StorageService.docc in Sources */,
				D5A392D8282FD72C0073E034 /* Post.swift in Sources */,
			);
			runOnlyForDeploymentPostprocessing = 0;
		};
		D506109628061EBF00BC51AC /* Sources */ = {
			isa = PBXSourcesBuildPhase;
			buildActionMask = 2147483647;
			files = (
				D50610A228061EBF00BC51AC /* StorageServiceTests.swift in Sources */,
			);
			runOnlyForDeploymentPostprocessing = 0;
		};
		D5ED095827B5A423007F70C6 /* Sources */ = {
			isa = PBXSourcesBuildPhase;
			buildActionMask = 2147483647;
			files = (
				D5CC1EED282D980E00137A94 /* FeedCoordinator.swift in Sources */,
				D5BA980C28268499005921CF /* FeedModel.swift in Sources */,
				D5CC1EEB282D954600137A94 /* MainCoordinator.swift in Sources */,
				D5ED097827B66965007F70C6 /* PostViewController.swift in Sources */,
				D5A392D4282FD2EE0073E034 /* PostTableViewCellViewModelType.swift in Sources */,
				D5AB1A4B27D2B4170072E723 /* PhotosPreviewCollectionViewCell.swift in Sources */,
				D5C0B0FE282D89DC00ABCB88 /* MainTabBarViewController.swift in Sources */,
				D5AB1A4927D144370072E723 /* PhotosViewController.swift in Sources */,
				D5ED096027B5A423007F70C6 /* AppDelegate.swift in Sources */,
				D5CC1EEF282D982500137A94 /* ProfileCoordinator.swift in Sources */,
				D5CC1EF4282DA8D500137A94 /* ProfileViewModel.swift in Sources */,
				D5FB3430282467D40007BF59 /* CustomButton.swift in Sources */,
				D5ED097A27B68627007F70C6 /* InfoViewController.swift in Sources */,
				D5CBFD5E27CEC7B600B4FCEC /* PhotosTableViewCell.swift in Sources */,
				D5A7F0B527C245FA00962E7D /* LogInViewController.swift in Sources */,
				D5A0745F28159082003BF856 /* UserValidation.swift in Sources */,
				D58DDCBD280F4DF400BE55F1 /* User.swift in Sources */,
				D562464627C826350022DDFC /* Constants.swift in Sources */,
				D5AB1A4727D0D7130072E723 /* PhotosPreview.swift in Sources */,
				D5E9222A2816A81F00748286 /* Factory.swift in Sources */,
				D5A392DA282FD7430073E034 /* Post.swift in Sources */,
				D5ED097627B5A5D0007F70C6 /* ProfileViewController.swift in Sources */,
				D575870B27BEB11000570D3F /* ProfileHeaderView.swift in Sources */,
				D5A392CF282FD2760073E034 /* PostTableViewCellViewModel.swift in Sources */,
				D5CC1EE9282D952500137A94 /* Coordinator.swift in Sources */,
				D5ED097427B5A5C3007F70C6 /* FeedViewController.swift in Sources */,
				D5A356BF27D2BBBE007316DD /* PhotosCollectionViewCell.swift in Sources */,
				D5AB1A4D27D2B6880072E723 /* PhotosArray.swift in Sources */,
				D5A392D2282FD2AB0073E034 /* TableViewModelType.swift in Sources */,
				D52F469E27D4E224002BD753 /* ColorSet.swift in Sources */,
				D562464427C810490022DDFC /* PostTableViewCell.swift in Sources */,
			);
			runOnlyForDeploymentPostprocessing = 0;
		};
/* End PBXSourcesBuildPhase section */

/* Begin PBXTargetDependency section */
		D506109D28061EBF00BC51AC /* PBXTargetDependency */ = {
			isa = PBXTargetDependency;
			target = D506109028061EBF00BC51AC /* StorageService */;
			targetProxy = D506109C28061EBF00BC51AC /* PBXContainerItemProxy */;
		};
		D506109F28061EBF00BC51AC /* PBXTargetDependency */ = {
			isa = PBXTargetDependency;
			target = D5ED095B27B5A423007F70C6 /* Navigation */;
			targetProxy = D506109E28061EBF00BC51AC /* PBXContainerItemProxy */;
		};
		D50610A528061EBF00BC51AC /* PBXTargetDependency */ = {
			isa = PBXTargetDependency;
			target = D506109028061EBF00BC51AC /* StorageService */;
			targetProxy = D50610A428061EBF00BC51AC /* PBXContainerItemProxy */;
		};
/* End PBXTargetDependency section */

/* Begin PBXVariantGroup section */
		D5ED096A27B5A428007F70C6 /* LaunchScreen.storyboard */ = {
			isa = PBXVariantGroup;
			children = (
				D5ED096B27B5A428007F70C6 /* Base */,
			);
			name = LaunchScreen.storyboard;
			sourceTree = "<group>";
		};
/* End PBXVariantGroup section */

/* Begin XCBuildConfiguration section */
		D50610A928061EBF00BC51AC /* Debug */ = {
			isa = XCBuildConfiguration;
			baseConfigurationReference = 17F6D61B2DAE3BBE23DCA90F /* Pods-StorageService.debug.xcconfig */;
			buildSettings = {
				CODE_SIGN_STYLE = Automatic;
				CURRENT_PROJECT_VERSION = 1;
				DEFINES_MODULE = YES;
				DEVELOPMENT_TEAM = KY382G7762;
				DYLIB_COMPATIBILITY_VERSION = 1;
				DYLIB_CURRENT_VERSION = 1;
				DYLIB_INSTALL_NAME_BASE = "@rpath";
				GENERATE_INFOPLIST_FILE = YES;
				INFOPLIST_KEY_NSHumanReadableCopyright = "";
				INSTALL_PATH = "$(LOCAL_LIBRARY_DIR)/Frameworks";
				LD_RUNPATH_SEARCH_PATHS = (
					"$(inherited)",
					"@executable_path/Frameworks",
					"@loader_path/Frameworks",
				);
				MARKETING_VERSION = 1.0;
				PRODUCT_BUNDLE_IDENTIFIER = savie.StorageService;
				PRODUCT_NAME = "$(TARGET_NAME:c99extidentifier)";
				SKIP_INSTALL = YES;
				SWIFT_EMIT_LOC_STRINGS = YES;
				SWIFT_VERSION = 5.0;
				TARGETED_DEVICE_FAMILY = "1,2";
				VERSIONING_SYSTEM = "apple-generic";
				VERSION_INFO_PREFIX = "";
			};
			name = Debug;
		};
		D50610AA28061EBF00BC51AC /* Release */ = {
			isa = XCBuildConfiguration;
			baseConfigurationReference = 1B256AB29CA6D5625AC24546 /* Pods-StorageService.release.xcconfig */;
			buildSettings = {
				CODE_SIGN_STYLE = Automatic;
				CURRENT_PROJECT_VERSION = 1;
				DEFINES_MODULE = YES;
				DEVELOPMENT_TEAM = KY382G7762;
				DYLIB_COMPATIBILITY_VERSION = 1;
				DYLIB_CURRENT_VERSION = 1;
				DYLIB_INSTALL_NAME_BASE = "@rpath";
				GENERATE_INFOPLIST_FILE = YES;
				INFOPLIST_KEY_NSHumanReadableCopyright = "";
				INSTALL_PATH = "$(LOCAL_LIBRARY_DIR)/Frameworks";
				LD_RUNPATH_SEARCH_PATHS = (
					"$(inherited)",
					"@executable_path/Frameworks",
					"@loader_path/Frameworks",
				);
				MARKETING_VERSION = 1.0;
				PRODUCT_BUNDLE_IDENTIFIER = savie.StorageService;
				PRODUCT_NAME = "$(TARGET_NAME:c99extidentifier)";
				SKIP_INSTALL = YES;
				SWIFT_EMIT_LOC_STRINGS = YES;
				SWIFT_VERSION = 5.0;
				TARGETED_DEVICE_FAMILY = "1,2";
				VERSIONING_SYSTEM = "apple-generic";
				VERSION_INFO_PREFIX = "";
			};
			name = Release;
		};
		D50610AB28061EBF00BC51AC /* Debug */ = {
			isa = XCBuildConfiguration;
			baseConfigurationReference = 438C3C76509E4FADF1B6E05A /* Pods-StorageService-StorageServiceTests.debug.xcconfig */;
			buildSettings = {
				ALWAYS_EMBED_SWIFT_STANDARD_LIBRARIES = YES;
				CODE_SIGN_STYLE = Automatic;
				CURRENT_PROJECT_VERSION = 1;
				DEVELOPMENT_TEAM = KY382G7762;
				GENERATE_INFOPLIST_FILE = YES;
				MARKETING_VERSION = 1.0;
				PRODUCT_BUNDLE_IDENTIFIER = savie.StorageServiceTests;
				PRODUCT_NAME = "$(TARGET_NAME)";
				SWIFT_EMIT_LOC_STRINGS = NO;
				SWIFT_VERSION = 5.0;
				TARGETED_DEVICE_FAMILY = "1,2";
				TEST_HOST = "$(BUILT_PRODUCTS_DIR)/Navigation.app/Navigation";
			};
			name = Debug;
		};
		D50610AC28061EBF00BC51AC /* Release */ = {
			isa = XCBuildConfiguration;
			baseConfigurationReference = F67E007A27EBE9E04B692E67 /* Pods-StorageService-StorageServiceTests.release.xcconfig */;
			buildSettings = {
				ALWAYS_EMBED_SWIFT_STANDARD_LIBRARIES = YES;
				CODE_SIGN_STYLE = Automatic;
				CURRENT_PROJECT_VERSION = 1;
				DEVELOPMENT_TEAM = KY382G7762;
				GENERATE_INFOPLIST_FILE = YES;
				MARKETING_VERSION = 1.0;
				PRODUCT_BUNDLE_IDENTIFIER = savie.StorageServiceTests;
				PRODUCT_NAME = "$(TARGET_NAME)";
				SWIFT_EMIT_LOC_STRINGS = NO;
				SWIFT_VERSION = 5.0;
				TARGETED_DEVICE_FAMILY = "1,2";
				TEST_HOST = "$(BUILT_PRODUCTS_DIR)/Navigation.app/Navigation";
			};
			name = Release;
		};
		D5ED096E27B5A428007F70C6 /* Debug */ = {
			isa = XCBuildConfiguration;
			buildSettings = {
				ALWAYS_SEARCH_USER_PATHS = NO;
				CLANG_ANALYZER_NONNULL = YES;
				CLANG_ANALYZER_NUMBER_OBJECT_CONVERSION = YES_AGGRESSIVE;
				CLANG_CXX_LANGUAGE_STANDARD = "gnu++17";
				CLANG_CXX_LIBRARY = "libc++";
				CLANG_ENABLE_MODULES = YES;
				CLANG_ENABLE_OBJC_ARC = YES;
				CLANG_ENABLE_OBJC_WEAK = YES;
				CLANG_WARN_BLOCK_CAPTURE_AUTORELEASING = YES;
				CLANG_WARN_BOOL_CONVERSION = YES;
				CLANG_WARN_COMMA = YES;
				CLANG_WARN_CONSTANT_CONVERSION = YES;
				CLANG_WARN_DEPRECATED_OBJC_IMPLEMENTATIONS = YES;
				CLANG_WARN_DIRECT_OBJC_ISA_USAGE = YES_ERROR;
				CLANG_WARN_DOCUMENTATION_COMMENTS = YES;
				CLANG_WARN_EMPTY_BODY = YES;
				CLANG_WARN_ENUM_CONVERSION = YES;
				CLANG_WARN_INFINITE_RECURSION = YES;
				CLANG_WARN_INT_CONVERSION = YES;
				CLANG_WARN_NON_LITERAL_NULL_CONVERSION = YES;
				CLANG_WARN_OBJC_IMPLICIT_RETAIN_SELF = YES;
				CLANG_WARN_OBJC_LITERAL_CONVERSION = YES;
				CLANG_WARN_OBJC_ROOT_CLASS = YES_ERROR;
				CLANG_WARN_QUOTED_INCLUDE_IN_FRAMEWORK_HEADER = YES;
				CLANG_WARN_RANGE_LOOP_ANALYSIS = YES;
				CLANG_WARN_STRICT_PROTOTYPES = YES;
				CLANG_WARN_SUSPICIOUS_MOVE = YES;
				CLANG_WARN_UNGUARDED_AVAILABILITY = YES_AGGRESSIVE;
				CLANG_WARN_UNREACHABLE_CODE = YES;
				CLANG_WARN__DUPLICATE_METHOD_MATCH = YES;
				COPY_PHASE_STRIP = NO;
				DEBUG_INFORMATION_FORMAT = dwarf;
				ENABLE_STRICT_OBJC_MSGSEND = YES;
				ENABLE_TESTABILITY = YES;
				GCC_C_LANGUAGE_STANDARD = gnu11;
				GCC_DYNAMIC_NO_PIC = NO;
				GCC_NO_COMMON_BLOCKS = YES;
				GCC_OPTIMIZATION_LEVEL = 0;
				GCC_PREPROCESSOR_DEFINITIONS = (
					"DEBUG=1",
					"$(inherited)",
				);
				GCC_WARN_64_TO_32_BIT_CONVERSION = YES;
				GCC_WARN_ABOUT_RETURN_TYPE = YES_ERROR;
				GCC_WARN_UNDECLARED_SELECTOR = YES;
				GCC_WARN_UNINITIALIZED_AUTOS = YES_AGGRESSIVE;
				GCC_WARN_UNUSED_FUNCTION = YES;
				GCC_WARN_UNUSED_VARIABLE = YES;
				IPHONEOS_DEPLOYMENT_TARGET = 15.2;
				MTL_ENABLE_DEBUG_INFO = INCLUDE_SOURCE;
				MTL_FAST_MATH = YES;
				ONLY_ACTIVE_ARCH = YES;
				SDKROOT = iphoneos;
				SWIFT_ACTIVE_COMPILATION_CONDITIONS = DEBUG;
				SWIFT_OPTIMIZATION_LEVEL = "-Onone";
			};
			name = Debug;
		};
		D5ED096F27B5A428007F70C6 /* Release */ = {
			isa = XCBuildConfiguration;
			buildSettings = {
				ALWAYS_SEARCH_USER_PATHS = NO;
				CLANG_ANALYZER_NONNULL = YES;
				CLANG_ANALYZER_NUMBER_OBJECT_CONVERSION = YES_AGGRESSIVE;
				CLANG_CXX_LANGUAGE_STANDARD = "gnu++17";
				CLANG_CXX_LIBRARY = "libc++";
				CLANG_ENABLE_MODULES = YES;
				CLANG_ENABLE_OBJC_ARC = YES;
				CLANG_ENABLE_OBJC_WEAK = YES;
				CLANG_WARN_BLOCK_CAPTURE_AUTORELEASING = YES;
				CLANG_WARN_BOOL_CONVERSION = YES;
				CLANG_WARN_COMMA = YES;
				CLANG_WARN_CONSTANT_CONVERSION = YES;
				CLANG_WARN_DEPRECATED_OBJC_IMPLEMENTATIONS = YES;
				CLANG_WARN_DIRECT_OBJC_ISA_USAGE = YES_ERROR;
				CLANG_WARN_DOCUMENTATION_COMMENTS = YES;
				CLANG_WARN_EMPTY_BODY = YES;
				CLANG_WARN_ENUM_CONVERSION = YES;
				CLANG_WARN_INFINITE_RECURSION = YES;
				CLANG_WARN_INT_CONVERSION = YES;
				CLANG_WARN_NON_LITERAL_NULL_CONVERSION = YES;
				CLANG_WARN_OBJC_IMPLICIT_RETAIN_SELF = YES;
				CLANG_WARN_OBJC_LITERAL_CONVERSION = YES;
				CLANG_WARN_OBJC_ROOT_CLASS = YES_ERROR;
				CLANG_WARN_QUOTED_INCLUDE_IN_FRAMEWORK_HEADER = YES;
				CLANG_WARN_RANGE_LOOP_ANALYSIS = YES;
				CLANG_WARN_STRICT_PROTOTYPES = YES;
				CLANG_WARN_SUSPICIOUS_MOVE = YES;
				CLANG_WARN_UNGUARDED_AVAILABILITY = YES_AGGRESSIVE;
				CLANG_WARN_UNREACHABLE_CODE = YES;
				CLANG_WARN__DUPLICATE_METHOD_MATCH = YES;
				COPY_PHASE_STRIP = NO;
				DEBUG_INFORMATION_FORMAT = "dwarf-with-dsym";
				ENABLE_NS_ASSERTIONS = NO;
				ENABLE_STRICT_OBJC_MSGSEND = YES;
				GCC_C_LANGUAGE_STANDARD = gnu11;
				GCC_NO_COMMON_BLOCKS = YES;
				GCC_WARN_64_TO_32_BIT_CONVERSION = YES;
				GCC_WARN_ABOUT_RETURN_TYPE = YES_ERROR;
				GCC_WARN_UNDECLARED_SELECTOR = YES;
				GCC_WARN_UNINITIALIZED_AUTOS = YES_AGGRESSIVE;
				GCC_WARN_UNUSED_FUNCTION = YES;
				GCC_WARN_UNUSED_VARIABLE = YES;
				IPHONEOS_DEPLOYMENT_TARGET = 15.2;
				MTL_ENABLE_DEBUG_INFO = NO;
				MTL_FAST_MATH = YES;
				SDKROOT = iphoneos;
				SWIFT_COMPILATION_MODE = wholemodule;
				SWIFT_OPTIMIZATION_LEVEL = "-O";
				VALIDATE_PRODUCT = YES;
			};
			name = Release;
		};
		D5ED097127B5A428007F70C6 /* Debug */ = {
			isa = XCBuildConfiguration;
			baseConfigurationReference = 73027EBE80F37114B7CA1E23 /* Pods-Navigation.debug.xcconfig */;
			buildSettings = {
				ALWAYS_EMBED_SWIFT_STANDARD_LIBRARIES = YES;
				ASSETCATALOG_COMPILER_APPICON_NAME = AppIcon;
				ASSETCATALOG_COMPILER_GLOBAL_ACCENT_COLOR_NAME = AccentColor;
				CODE_SIGN_STYLE = Automatic;
				CURRENT_PROJECT_VERSION = 1;
				DEVELOPMENT_TEAM = KY382G7762;
				GENERATE_INFOPLIST_FILE = YES;
				INFOPLIST_FILE = Navigation/Info.plist;
				INFOPLIST_KEY_UIApplicationSupportsIndirectInputEvents = YES;
				INFOPLIST_KEY_UILaunchStoryboardName = LaunchScreen;
				INFOPLIST_KEY_UISupportedInterfaceOrientations = UIInterfaceOrientationPortrait;
				INFOPLIST_KEY_UISupportedInterfaceOrientations_iPad = "UIInterfaceOrientationPortrait UIInterfaceOrientationPortraitUpsideDown UIInterfaceOrientationLandscapeLeft UIInterfaceOrientationLandscapeRight";
				INFOPLIST_KEY_UISupportedInterfaceOrientations_iPhone = "UIInterfaceOrientationPortrait UIInterfaceOrientationLandscapeLeft UIInterfaceOrientationLandscapeRight";
				IPHONEOS_DEPLOYMENT_TARGET = 15.2;
				LD_RUNPATH_SEARCH_PATHS = (
					"$(inherited)",
					"@executable_path/Frameworks",
				);
				MARKETING_VERSION = 1.0;
				PRODUCT_BUNDLE_IDENTIFIER = savie.Navigation;
				PRODUCT_NAME = "$(TARGET_NAME)";
				SWIFT_EMIT_LOC_STRINGS = YES;
				SWIFT_VERSION = 5.0;
				TARGETED_DEVICE_FAMILY = 1;
			};
			name = Debug;
		};
		D5ED097227B5A428007F70C6 /* Release */ = {
			isa = XCBuildConfiguration;
			baseConfigurationReference = EDDE852F8EAA8731949E7FEF /* Pods-Navigation.release.xcconfig */;
			buildSettings = {
				ALWAYS_EMBED_SWIFT_STANDARD_LIBRARIES = YES;
				ASSETCATALOG_COMPILER_APPICON_NAME = AppIcon;
				ASSETCATALOG_COMPILER_GLOBAL_ACCENT_COLOR_NAME = AccentColor;
				CODE_SIGN_STYLE = Automatic;
				CURRENT_PROJECT_VERSION = 1;
				DEVELOPMENT_TEAM = KY382G7762;
				GENERATE_INFOPLIST_FILE = YES;
				INFOPLIST_FILE = Navigation/Info.plist;
				INFOPLIST_KEY_UIApplicationSupportsIndirectInputEvents = YES;
				INFOPLIST_KEY_UILaunchStoryboardName = LaunchScreen;
				INFOPLIST_KEY_UISupportedInterfaceOrientations = UIInterfaceOrientationPortrait;
				INFOPLIST_KEY_UISupportedInterfaceOrientations_iPad = "UIInterfaceOrientationPortrait UIInterfaceOrientationPortraitUpsideDown UIInterfaceOrientationLandscapeLeft UIInterfaceOrientationLandscapeRight";
				INFOPLIST_KEY_UISupportedInterfaceOrientations_iPhone = "UIInterfaceOrientationPortrait UIInterfaceOrientationLandscapeLeft UIInterfaceOrientationLandscapeRight";
				IPHONEOS_DEPLOYMENT_TARGET = 15.2;
				LD_RUNPATH_SEARCH_PATHS = (
					"$(inherited)",
					"@executable_path/Frameworks",
				);
				MARKETING_VERSION = 1.0;
				PRODUCT_BUNDLE_IDENTIFIER = savie.Navigation;
				PRODUCT_NAME = "$(TARGET_NAME)";
				SWIFT_EMIT_LOC_STRINGS = YES;
				SWIFT_VERSION = 5.0;
				TARGETED_DEVICE_FAMILY = 1;
			};
			name = Release;
		};
/* End XCBuildConfiguration section */

/* Begin XCConfigurationList section */
		D50610AD28061EBF00BC51AC /* Build configuration list for PBXNativeTarget "StorageService" */ = {
			isa = XCConfigurationList;
			buildConfigurations = (
				D50610A928061EBF00BC51AC /* Debug */,
				D50610AA28061EBF00BC51AC /* Release */,
			);
			defaultConfigurationIsVisible = 0;
			defaultConfigurationName = Release;
		};
		D50610AE28061EBF00BC51AC /* Build configuration list for PBXNativeTarget "StorageServiceTests" */ = {
			isa = XCConfigurationList;
			buildConfigurations = (
				D50610AB28061EBF00BC51AC /* Debug */,
				D50610AC28061EBF00BC51AC /* Release */,
			);
			defaultConfigurationIsVisible = 0;
			defaultConfigurationName = Release;
		};
		D5ED095727B5A423007F70C6 /* Build configuration list for PBXProject "Navigation" */ = {
			isa = XCConfigurationList;
			buildConfigurations = (
				D5ED096E27B5A428007F70C6 /* Debug */,
				D5ED096F27B5A428007F70C6 /* Release */,
			);
			defaultConfigurationIsVisible = 0;
			defaultConfigurationName = Release;
		};
		D5ED097027B5A428007F70C6 /* Build configuration list for PBXNativeTarget "Navigation" */ = {
			isa = XCConfigurationList;
			buildConfigurations = (
				D5ED097127B5A428007F70C6 /* Debug */,
				D5ED097227B5A428007F70C6 /* Release */,
			);
			defaultConfigurationIsVisible = 0;
			defaultConfigurationName = Release;
		};
/* End XCConfigurationList section */

/* Begin XCRemoteSwiftPackageReference section */
		D5660864281C7D6B00A3F9C1 /* XCRemoteSwiftPackageReference "iOSIntPackage" */ = {
			isa = XCRemoteSwiftPackageReference;
			repositoryURL = "https://github.com/TrueMax/iOSIntPackage";
			requirement = {
				branch = imagepublisher;
				kind = branch;
			};
		};
/* End XCRemoteSwiftPackageReference section */

/* Begin XCSwiftPackageProductDependency section */
		D5660865281C7D6B00A3F9C1 /* iOSIntPackage */ = {
			isa = XCSwiftPackageProductDependency;
			package = D5660864281C7D6B00A3F9C1 /* XCRemoteSwiftPackageReference "iOSIntPackage" */;
			productName = iOSIntPackage;
		};
/* End XCSwiftPackageProductDependency section */
	};
	rootObject = D5ED095427B5A423007F70C6 /* Project object */;
}
